
Microsoft Visual Studio Solution File, Format Version 12.00
# Visual Studio 14
VisualStudioVersion = 14.0.25420.1
MinimumVisualStudioVersion = 10.0.40219.1
Project("{FAE04EC0-301F-11D3-BF4B-00C04F79EFBC}") = "ObligatorioBuscaMinas", "Obligatorio\ObligatorioBuscaMinas.csproj", "{F7408203-92F7-4407-9CF2-4CFE80B639E6}"
EndProject
Project("{FAE04EC0-301F-11D3-BF4B-00C04F79EFBC}") = "BuscaMinas", "BuscaMinas\BuscaMinas.csproj", "{23ACA3ED-3ACF-4DC9-ADDA-092581CDB396}"
EndProject
Project("{FAE04EC0-301F-11D3-BF4B-00C04F79EFBC}") = "TaTeTi", "TaTeTi\TaTeTi.csproj", "{7793C4DD-95DA-4230-A6A3-FA8A5A245604}"
EndProject
Project("{FAE04EC0-301F-11D3-BF4B-00C04F79EFBC}") = "BatallaNaval", "BatallaNaval\BatallaNaval.csproj", "{CCCF34CD-E3B2-4D06-B5BD-222279583C62}"
EndProject
Project("{FAE04EC0-301F-11D3-BF4B-00C04F79EFBC}") = "Menu", "Menu\Menu.csproj", "{5F8DAEBF-4194-4863-8DDE-FF361362BC66}"
EndProject
Global
	GlobalSection(SolutionConfigurationPlatforms) = preSolution
		Debug|Any CPU = Debug|Any CPU
		Release|Any CPU = Release|Any CPU
	EndGlobalSection
	GlobalSection(ProjectConfigurationPlatforms) = postSolution
		{F7408203-92F7-4407-9CF2-4CFE80B639E6}.Debug|Any CPU.ActiveCfg = Debug|Any CPU
		{F7408203-92F7-4407-9CF2-4CFE80B639E6}.Debug|Any CPU.Build.0 = Debug|Any CPU
		{F7408203-92F7-4407-9CF2-4CFE80B639E6}.Release|Any CPU.ActiveCfg = Release|Any CPU
		{F7408203-92F7-4407-9CF2-4CFE80B639E6}.Release|Any CPU.Build.0 = Release|Any CPU
		{23ACA3ED-3ACF-4DC9-ADDA-092581CDB396}.Debug|Any CPU.ActiveCfg = Debug|Any CPU
		{23ACA3ED-3ACF-4DC9-ADDA-092581CDB396}.Debug|Any CPU.Build.0 = Debug|Any CPU
		{23ACA3ED-3ACF-4DC9-ADDA-092581CDB396}.Release|Any CPU.ActiveCfg = Release|Any CPU
		{23ACA3ED-3ACF-4DC9-ADDA-092581CDB396}.Release|Any CPU.Build.0 = Release|Any CPU
		{7793C4DD-95DA-4230-A6A3-FA8A5A245604}.Debug|Any CPU.ActiveCfg = Debug|Any CPU
		{7793C4DD-95DA-4230-A6A3-FA8A5A245604}.Debug|Any CPU.Build.0 = Debug|Any CPU
		{7793C4DD-95DA-4230-A6A3-FA8A5A245604}.Release|Any CPU.ActiveCfg = Release|Any CPU
		{7793C4DD-95DA-4230-A6A3-FA8A5A245604}.Release|Any CPU.Build.0 = Release|Any CPU
		{CCCF34CD-E3B2-4D06-B5BD-222279583C62}.Debug|Any CPU.ActiveCfg = Debug|Any CPU
		{CCCF34CD-E3B2-4D06-B5BD-222279583C62}.Debug|Any CPU.Build.0 = Debug|Any CPU
		{CCCF34CD-E3B2-4D06-B5BD-222279583C62}.Release|Any CPU.ActiveCfg = Release|Any CPU
		{CCCF34CD-E3B2-4D06-B5BD-222279583C62}.Release|Any CPU.Build.0 = Release|Any CPU
		{5F8DAEBF-4194-4863-8DDE-FF361362BC66}.Debug|Any CPU.ActiveCfg = Debug|Any CPU
		{5F8DAEBF-4194-4863-8DDE-FF361362BC66}.Debug|Any CPU.Build.0 = Debug|Any CPU
		{5F8DAEBF-4194-4863-8DDE-FF361362BC66}.Release|Any CPU.ActiveCfg = Release|Any CPU
		{5F8DAEBF-4194-4863-8DDE-FF361362BC66}.Release|Any CPU.Build.0 = Release|Any CPU
	EndGlobalSection
	GlobalSection(SolutionProperties) = preSolution
		HideSolutionNode = FALSE
	EndGlobalSection
EndGlobal
