
Microsoft Visual Studio Solution File, Format Version 12.00
# Visual Studio 14
VisualStudioVersion = 14.0.25420.1
MinimumVisualStudioVersion = 10.0.40219.1
Project("{FAE04EC0-301F-11D3-BF4B-00C04F79EFBC}") = "Primer clase Factorial", "ConsoleApplication3\Primer clase Factorial.csproj", "{1030AD14-5459-4D17-8B9C-84A3B3BE9F0B}"
EndProject
Global
	GlobalSection(SolutionConfigurationPlatforms) = preSolution
		Debug|Any CPU = Debug|Any CPU
		Release|Any CPU = Release|Any CPU
	EndGlobalSection
	GlobalSection(ProjectConfigurationPlatforms) = postSolution
		{1030AD14-5459-4D17-8B9C-84A3B3BE9F0B}.Debug|Any CPU.ActiveCfg = Debug|Any CPU
		{1030AD14-5459-4D17-8B9C-84A3B3BE9F0B}.Debug|Any CPU.Build.0 = Debug|Any CPU
		{1030AD14-5459-4D17-8B9C-84A3B3BE9F0B}.Release|Any CPU.ActiveCfg = Release|Any CPU
		{1030AD14-5459-4D17-8B9C-84A3B3BE9F0B}.Release|Any CPU.Build.0 = Release|Any CPU
	EndGlobalSection
	GlobalSection(SolutionProperties) = preSolution
		HideSolutionNode = FALSE
	EndGlobalSection
EndGlobal
